
Microsoft Visual Studio Solution File, Format Version 12.00
# Visual Studio Version 16
VisualStudioVersion = 16.0.30204.135
MinimumVisualStudioVersion = 10.0.40219.1
Project("{9A19103F-16F7-4668-BE54-9A1E7A4F7556}") = "BLEScanner.Desktop.WindowsApp.Bluetooth", "BLEScanner.Desktop.WindowsApp.Bluetooth\BLEScanner.Desktop.WindowsApp.Bluetooth.csproj", "{C478B862-18F2-4B24-A360-C6C117AB4BAB}"
EndProject
Project("{2150E333-8FDC-42A3-9474-1A3956D46DE8}") = "BluetoothScanner", "BluetoothScanner", "{D7ED144E-B52D-4C51-866D-5E6718D9BEA2}"
EndProject
Project("{9A19103F-16F7-4668-BE54-9A1E7A4F7556}") = "MOS.Desktop.ConsolePlayground", "MOS.Desktop.ConsolePlayground\MOS.Desktop.ConsolePlayground.csproj", "{6FF34A51-623A-42D6-B5BB-1ECA2DCEE113}"
EndProject
Global
	GlobalSection(SolutionConfigurationPlatforms) = preSolution
		Debug|Any CPU = Debug|Any CPU
		Release|Any CPU = Release|Any CPU
	EndGlobalSection
	GlobalSection(ProjectConfigurationPlatforms) = postSolution
		{C478B862-18F2-4B24-A360-C6C117AB4BAB}.Debug|Any CPU.ActiveCfg = Debug|Any CPU
		{C478B862-18F2-4B24-A360-C6C117AB4BAB}.Debug|Any CPU.Build.0 = Debug|Any CPU
		{C478B862-18F2-4B24-A360-C6C117AB4BAB}.Release|Any CPU.ActiveCfg = Release|Any CPU
		{C478B862-18F2-4B24-A360-C6C117AB4BAB}.Release|Any CPU.Build.0 = Release|Any CPU
		{6FF34A51-623A-42D6-B5BB-1ECA2DCEE113}.Debug|Any CPU.ActiveCfg = Debug|Any CPU
		{6FF34A51-623A-42D6-B5BB-1ECA2DCEE113}.Debug|Any CPU.Build.0 = Debug|Any CPU
		{6FF34A51-623A-42D6-B5BB-1ECA2DCEE113}.Release|Any CPU.ActiveCfg = Release|Any CPU
		{6FF34A51-623A-42D6-B5BB-1ECA2DCEE113}.Release|Any CPU.Build.0 = Release|Any CPU
	EndGlobalSection
	GlobalSection(SolutionProperties) = preSolution
		HideSolutionNode = FALSE
	EndGlobalSection
	GlobalSection(NestedProjects) = preSolution
		{C478B862-18F2-4B24-A360-C6C117AB4BAB} = {D7ED144E-B52D-4C51-866D-5E6718D9BEA2}
		{6FF34A51-623A-42D6-B5BB-1ECA2DCEE113} = {D7ED144E-B52D-4C51-866D-5E6718D9BEA2}
	EndGlobalSection
	GlobalSection(ExtensibilityGlobals) = postSolution
		SolutionGuid = {DCD4407E-89D2-4D5B-B482-039B4FD29043}
	EndGlobalSection
EndGlobal
